
Microsoft Visual Studio Solution File, Format Version 12.00
# Visual Studio Version 16
VisualStudioVersion = 16.0.31624.102
MinimumVisualStudioVersion = 10.0.40219.1
Project("{FAE04EC0-301F-11D3-BF4B-00C04F79EFBC}") = "Burhani Management System", "Burhani Management System.csproj", "{66D19C85-4D5F-4BC8-9952-DF72F0EB6C05}"
EndProject
Global
	GlobalSection(SolutionConfigurationPlatforms) = preSolution
		Debug|Any CPU = Debug|Any CPU
		Release|Any CPU = Release|Any CPU
	EndGlobalSection
	GlobalSection(ProjectConfigurationPlatforms) = postSolution
		{66D19C85-4D5F-4BC8-9952-DF72F0EB6C05}.Debug|Any CPU.ActiveCfg = Debug|Any CPU
		{66D19C85-4D5F-4BC8-9952-DF72F0EB6C05}.Debug|Any CPU.Build.0 = Debug|Any CPU
		{66D19C85-4D5F-4BC8-9952-DF72F0EB6C05}.Release|Any CPU.ActiveCfg = Release|Any CPU
		{66D19C85-4D5F-4BC8-9952-DF72F0EB6C05}.Release|Any CPU.Build.0 = Release|Any CPU
	EndGlobalSection
	GlobalSection(SolutionProperties) = preSolution
		HideSolutionNode = FALSE
	EndGlobalSection
	GlobalSection(ExtensibilityGlobals) = postSolution
		SolutionGuid = {DA816ACB-BFB2-4AEF-9F9C-03A4B72ED246}
	EndGlobalSection
EndGlobal
